// !$*UTF8*$!
{
	archiveVersion = 1;
	classes = {
	};
	objectVersion = 50;
	objects = {

/* Begin PBXBuildFile section */
		17AEDAFB21B0DA7B003E98C3 /* AppDelegate.swift in Sources */ = {isa = PBXBuildFile; fileRef = 17AEDAFA21B0DA7B003E98C3 /* AppDelegate.swift */; };
		17AEDAFD21B0DA7B003E98C3 /* ViewController.swift in Sources */ = {isa = PBXBuildFile; fileRef = 17AEDAFC21B0DA7B003E98C3 /* ViewController.swift */; };
		17AEDB0021B0DA7B003E98C3 /* Main.storyboard in Resources */ = {isa = PBXBuildFile; fileRef = 17AEDAFE21B0DA7B003E98C3 /* Main.storyboard */; };
		17AEDB0221B0DA7D003E98C3 /* Assets.xcassets in Resources */ = {isa = PBXBuildFile; fileRef = 17AEDB0121B0DA7D003E98C3 /* Assets.xcassets */; };
		17AEDB0521B0DA7D003E98C3 /* LaunchScreen.storyboard in Resources */ = {isa = PBXBuildFile; fileRef = 17AEDB0321B0DA7D003E98C3 /* LaunchScreen.storyboard */; };
		17AEDB1021B0DA7D003E98C3 /* MuRiceTests.swift in Sources */ = {isa = PBXBuildFile; fileRef = 17AEDB0F21B0DA7D003E98C3 /* MuRiceTests.swift */; };
/* End PBXBuildFile section */

/* Begin PBXContainerItemProxy section */
		17AEDB0C21B0DA7D003E98C3 /* PBXContainerItemProxy */ = {
			isa = PBXContainerItemProxy;
			containerPortal = 17AEDAEF21B0DA7B003E98C3 /* Project object */;
			proxyType = 1;
			remoteGlobalIDString = 17AEDAF621B0DA7B003E98C3;
			remoteInfo = MuRice;
		};
/* End PBXContainerItemProxy section */

/* Begin PBXFileReference section */
		17AEDAF721B0DA7B003E98C3 /* MuRice.app */ = {isa = PBXFileReference; explicitFileType = wrapper.application; includeInIndex = 0; path = MuRice.app; sourceTree = BUILT_PRODUCTS_DIR; };
		17AEDAFA21B0DA7B003E98C3 /* AppDelegate.swift */ = {isa = PBXFileReference; lastKnownFileType = sourcecode.swift; path = AppDelegate.swift; sourceTree = "<group>"; };
		17AEDAFC21B0DA7B003E98C3 /* ViewController.swift */ = {isa = PBXFileReference; lastKnownFileType = sourcecode.swift; path = ViewController.swift; sourceTree = "<group>"; };
		17AEDAFF21B0DA7B003E98C3 /* Base */ = {isa = PBXFileReference; lastKnownFileType = file.storyboard; name = Base; path = Base.lproj/Main.storyboard; sourceTree = "<group>"; };
		17AEDB0121B0DA7D003E98C3 /* Assets.xcassets */ = {isa = PBXFileReference; lastKnownFileType = folder.assetcatalog; path = Assets.xcassets; sourceTree = "<group>"; };
		17AEDB0421B0DA7D003E98C3 /* Base */ = {isa = PBXFileReference; lastKnownFileType = file.storyboard; name = Base; path = Base.lproj/LaunchScreen.storyboard; sourceTree = "<group>"; };
		17AEDB0621B0DA7D003E98C3 /* Info.plist */ = {isa = PBXFileReference; lastKnownFileType = text.plist.xml; path = Info.plist; sourceTree = "<group>"; };
		17AEDB0B21B0DA7D003E98C3 /* MuRiceTests.xctest */ = {isa = PBXFileReference; explicitFileType = wrapper.cfbundle; includeInIndex = 0; path = MuRiceTests.xctest; sourceTree = BUILT_PRODUCTS_DIR; };
		17AEDB0F21B0DA7D003E98C3 /* MuRiceTests.swift */ = {isa = PBXFileReference; lastKnownFileType = sourcecode.swift; path = MuRiceTests.swift; sourceTree = "<group>"; };
		17AEDB1121B0DA7D003E98C3 /* Info.plist */ = {isa = PBXFileReference; lastKnownFileType = text.plist.xml; path = Info.plist; sourceTree = "<group>"; };
/* End PBXFileReference section */

/* Begin PBXFrameworksBuildPhase section */
		17AEDAF421B0DA7B003E98C3 /* Frameworks */ = {
			isa = PBXFrameworksBuildPhase;
			buildActionMask = 2147483647;
			files = (
			);
			runOnlyForDeploymentPostprocessing = 0;
		};
		17AEDB0821B0DA7D003E98C3 /* Frameworks */ = {
			isa = PBXFrameworksBuildPhase;
			buildActionMask = 2147483647;
			files = (
			);
			runOnlyForDeploymentPostprocessing = 0;
		};
/* End PBXFrameworksBuildPhase section */

/* Begin PBXGroup section */
		17AEDAEE21B0DA7B003E98C3 = {
			isa = PBXGroup;
			children = (
				17AEDAF921B0DA7B003E98C3 /* MuRice */,
				17AEDB0E21B0DA7D003E98C3 /* MuRiceTests */,
				17AEDAF821B0DA7B003E98C3 /* Products */,
			);
			sourceTree = "<group>";
		};
		17AEDAF821B0DA7B003E98C3 /* Products */ = {
			isa = PBXGroup;
			children = (
				17AEDAF721B0DA7B003E98C3 /* MuRice.app */,
				17AEDB0B21B0DA7D003E98C3 /* MuRiceTests.xctest */,
			);
			name = Products;
			sourceTree = "<group>";
		};
		17AEDAF921B0DA7B003E98C3 /* MuRice */ = {
			isa = PBXGroup;
			children = (
				17AEDAFA21B0DA7B003E98C3 /* AppDelegate.swift */,
				17AEDAFC21B0DA7B003E98C3 /* ViewController.swift */,
				17AEDAFE21B0DA7B003E98C3 /* Main.storyboard */,
				17AEDB0121B0DA7D003E98C3 /* Assets.xcassets */,
				17AEDB0321B0DA7D003E98C3 /* LaunchScreen.storyboard */,
				17AEDB0621B0DA7D003E98C3 /* Info.plist */,
			);
			path = MuRice;
			sourceTree = "<group>";
		};
		17AEDB0E21B0DA7D003E98C3 /* MuRiceTests */ = {
			isa = PBXGroup;
			children = (
				17AEDB0F21B0DA7D003E98C3 /* MuRiceTests.swift */,
				17AEDB1121B0DA7D003E98C3 /* Info.plist */,
			);
			path = MuRiceTests;
			sourceTree = "<group>";
		};
/* End PBXGroup section */

/* Begin PBXNativeTarget section */
		17AEDAF621B0DA7B003E98C3 /* MuRice */ = {
			isa = PBXNativeTarget;
			buildConfigurationList = 17AEDB1421B0DA7D003E98C3 /* Build configuration list for PBXNativeTarget "MuRice" */;
			buildPhases = (
				17AEDAF321B0DA7B003E98C3 /* Sources */,
				17AEDAF421B0DA7B003E98C3 /* Frameworks */,
				17AEDAF521B0DA7B003E98C3 /* Resources */,
			);
			buildRules = (
			);
			dependencies = (
			);
			name = MuRice;
			productName = MuRice;
			productReference = 17AEDAF721B0DA7B003E98C3 /* MuRice.app */;
			productType = "com.apple.product-type.application";
		};
		17AEDB0A21B0DA7D003E98C3 /* MuRiceTests */ = {
			isa = PBXNativeTarget;
			buildConfigurationList = 17AEDB1721B0DA7D003E98C3 /* Build configuration list for PBXNativeTarget "MuRiceTests" */;
			buildPhases = (
				17AEDB0721B0DA7D003E98C3 /* Sources */,
				17AEDB0821B0DA7D003E98C3 /* Frameworks */,
				17AEDB0921B0DA7D003E98C3 /* Resources */,
			);
			buildRules = (
			);
			dependencies = (
				17AEDB0D21B0DA7D003E98C3 /* PBXTargetDependency */,
			);
			name = MuRiceTests;
			productName = MuRiceTests;
			productReference = 17AEDB0B21B0DA7D003E98C3 /* MuRiceTests.xctest */;
			productType = "com.apple.product-type.bundle.unit-test";
		};
/* End PBXNativeTarget section */

/* Begin PBXProject section */
		17AEDAEF21B0DA7B003E98C3 /* Project object */ = {
			isa = PBXProject;
			attributes = {
				LastSwiftUpdateCheck = 1010;
				LastUpgradeCheck = 1010;
				ORGANIZATIONNAME = Yumemi;
				TargetAttributes = {
					17AEDAF621B0DA7B003E98C3 = {
						CreatedOnToolsVersion = 10.1;
					};
					17AEDB0A21B0DA7D003E98C3 = {
						CreatedOnToolsVersion = 10.1;
						TestTargetID = 17AEDAF621B0DA7B003E98C3;
					};
				};
			};
			buildConfigurationList = 17AEDAF221B0DA7B003E98C3 /* Build configuration list for PBXProject "MuRice" */;
			compatibilityVersion = "Xcode 9.3";
			developmentRegion = en;
			hasScannedForEncodings = 0;
			knownRegions = (
				en,
				Base,
			);
			mainGroup = 17AEDAEE21B0DA7B003E98C3;
			productRefGroup = 17AEDAF821B0DA7B003E98C3 /* Products */;
			projectDirPath = "";
			projectRoot = "";
			targets = (
				17AEDAF621B0DA7B003E98C3 /* MuRice */,
				17AEDB0A21B0DA7D003E98C3 /* MuRiceTests */,
			);
		};
/* End PBXProject section */

/* Begin PBXResourcesBuildPhase section */
		17AEDAF521B0DA7B003E98C3 /* Resources */ = {
			isa = PBXResourcesBuildPhase;
			buildActionMask = 2147483647;
			files = (
				17AEDB0521B0DA7D003E98C3 /* LaunchScreen.storyboard in Resources */,
				17AEDB0221B0DA7D003E98C3 /* Assets.xcassets in Resources */,
				17AEDB0021B0DA7B003E98C3 /* Main.storyboard in Resources */,
			);
			runOnlyForDeploymentPostprocessing = 0;
		};
		17AEDB0921B0DA7D003E98C3 /* Resources */ = {
			isa = PBXResourcesBuildPhase;
			buildActionMask = 2147483647;
			files = (
			);
			runOnlyForDeploymentPostprocessing = 0;
		};
/* End PBXResourcesBuildPhase section */

/* Begin PBXSourcesBuildPhase section */
		17AEDAF321B0DA7B003E98C3 /* Sources */ = {
			isa = PBXSourcesBuildPhase;
			buildActionMask = 2147483647;
			files = (
				17AEDAFD21B0DA7B003E98C3 /* ViewController.swift in Sources */,
				17AEDAFB21B0DA7B003E98C3 /* AppDelegate.swift in Sources */,
			);
			runOnlyForDeploymentPostprocessing = 0;
		};
		17AEDB0721B0DA7D003E98C3 /* Sources */ = {
			isa = PBXSourcesBuildPhase;
			buildActionMask = 2147483647;
			files = (
				17AEDB1021B0DA7D003E98C3 /* MuRiceTests.swift in Sources */,
			);
			runOnlyForDeploymentPostprocessing = 0;
		};
/* End PBXSourcesBuildPhase section */

/* Begin PBXTargetDependency section */
		17AEDB0D21B0DA7D003E98C3 /* PBXTargetDependency */ = {
			isa = PBXTargetDependency;
			target = 17AEDAF621B0DA7B003E98C3 /* MuRice */;
			targetProxy = 17AEDB0C21B0DA7D003E98C3 /* PBXContainerItemProxy */;
		};
/* End PBXTargetDependency section */

/* Begin PBXVariantGroup section */
		17AEDAFE21B0DA7B003E98C3 /* Main.storyboard */ = {
			isa = PBXVariantGroup;
			children = (
				17AEDAFF21B0DA7B003E98C3 /* Base */,
			);
			name = Main.storyboard;
			sourceTree = "<group>";
		};
		17AEDB0321B0DA7D003E98C3 /* LaunchScreen.storyboard */ = {
			isa = PBXVariantGroup;
			children = (
				17AEDB0421B0DA7D003E98C3 /* Base */,
			);
			name = LaunchScreen.storyboard;
			sourceTree = "<group>";
		};
/* End PBXVariantGroup section */

/* Begin XCBuildConfiguration section */
		17AEDB1221B0DA7D003E98C3 /* Debug */ = {
			isa = XCBuildConfiguration;
			buildSettings = {
				ALWAYS_SEARCH_USER_PATHS = NO;
				CLANG_ANALYZER_NONNULL = YES;
				CLANG_ANALYZER_NUMBER_OBJECT_CONVERSION = YES_AGGRESSIVE;
				CLANG_CXX_LANGUAGE_STANDARD = "gnu++14";
				CLANG_CXX_LIBRARY = "libc++";
				CLANG_ENABLE_MODULES = YES;
				CLANG_ENABLE_OBJC_ARC = YES;
				CLANG_ENABLE_OBJC_WEAK = YES;
				CLANG_WARN_BLOCK_CAPTURE_AUTORELEASING = YES;
				CLANG_WARN_BOOL_CONVERSION = YES;
				CLANG_WARN_COMMA = YES;
				CLANG_WARN_CONSTANT_CONVERSION = YES;
				CLANG_WARN_DEPRECATED_OBJC_IMPLEMENTATIONS = YES;
				CLANG_WARN_DIRECT_OBJC_ISA_USAGE = YES_ERROR;
				CLANG_WARN_DOCUMENTATION_COMMENTS = YES;
				CLANG_WARN_EMPTY_BODY = YES;
				CLANG_WARN_ENUM_CONVERSION = YES;
				CLANG_WARN_INFINITE_RECURSION = YES;
				CLANG_WARN_INT_CONVERSION = YES;
				CLANG_WARN_NON_LITERAL_NULL_CONVERSION = YES;
				CLANG_WARN_OBJC_IMPLICIT_RETAIN_SELF = YES;
				CLANG_WARN_OBJC_LITERAL_CONVERSION = YES;
				CLANG_WARN_OBJC_ROOT_CLASS = YES_ERROR;
				CLANG_WARN_RANGE_LOOP_ANALYSIS = YES;
				CLANG_WARN_STRICT_PROTOTYPES = YES;
				CLANG_WARN_SUSPICIOUS_MOVE = YES;
				CLANG_WARN_UNGUARDED_AVAILABILITY = YES_AGGRESSIVE;
				CLANG_WARN_UNREACHABLE_CODE = YES;
				CLANG_WARN__DUPLICATE_METHOD_MATCH = YES;
				CODE_SIGN_IDENTITY = "iPhone Developer";
				COPY_PHASE_STRIP = NO;
				DEBUG_INFORMATION_FORMAT = dwarf;
				ENABLE_STRICT_OBJC_MSGSEND = YES;
				ENABLE_TESTABILITY = YES;
				GCC_C_LANGUAGE_STANDARD = gnu11;
				GCC_DYNAMIC_NO_PIC = NO;
				GCC_NO_COMMON_BLOCKS = YES;
				GCC_OPTIMIZATION_LEVEL = 0;
				GCC_PREPROCESSOR_DEFINITIONS = (
					"DEBUG=1",
					"$(inherited)",
				);
				GCC_WARN_64_TO_32_BIT_CONVERSION = YES;
				GCC_WARN_ABOUT_RETURN_TYPE = YES_ERROR;
				GCC_WARN_UNDECLARED_SELECTOR = YES;
				GCC_WARN_UNINITIALIZED_AUTOS = YES_AGGRESSIVE;
				GCC_WARN_UNUSED_FUNCTION = YES;
				GCC_WARN_UNUSED_VARIABLE = YES;
				IPHONEOS_DEPLOYMENT_TARGET = 12.1;
				MTL_ENABLE_DEBUG_INFO = INCLUDE_SOURCE;
				MTL_FAST_MATH = YES;
				ONLY_ACTIVE_ARCH = YES;
				SDKROOT = iphoneos;
				SWIFT_ACTIVE_COMPILATION_CONDITIONS = DEBUG;
				SWIFT_OPTIMIZATION_LEVEL = "-Onone";
			};
			name = Debug;
		};
		17AEDB1321B0DA7D003E98C3 /* Release */ = {
			isa = XCBuildConfiguration;
			buildSettings = {
				ALWAYS_SEARCH_USER_PATHS = NO;
				CLANG_ANALYZER_NONNULL = YES;
				CLANG_ANALYZER_NUMBER_OBJECT_CONVERSION = YES_AGGRESSIVE;
				CLANG_CXX_LANGUAGE_STANDARD = "gnu++14";
				CLANG_CXX_LIBRARY = "libc++";
				CLANG_ENABLE_MODULES = YES;
				CLANG_ENABLE_OBJC_ARC = YES;
				CLANG_ENABLE_OBJC_WEAK = YES;
				CLANG_WARN_BLOCK_CAPTURE_AUTORELEASING = YES;
				CLANG_WARN_BOOL_CONVERSION = YES;
				CLANG_WARN_COMMA = YES;
				CLANG_WARN_CONSTANT_CONVERSION = YES;
				CLANG_WARN_DEPRECATED_OBJC_IMPLEMENTATIONS = YES;
				CLANG_WARN_DIRECT_OBJC_ISA_USAGE = YES_ERROR;
				CLANG_WARN_DOCUMENTATION_COMMENTS = YES;
				CLANG_WARN_EMPTY_BODY = YES;
				CLANG_WARN_ENUM_CONVERSION = YES;
				CLANG_WARN_INFINITE_RECURSION = YES;
				CLANG_WARN_INT_CONVERSION = YES;
				CLANG_WARN_NON_LITERAL_NULL_CONVERSION = YES;
				CLANG_WARN_OBJC_IMPLICIT_RETAIN_SELF = YES;
				CLANG_WARN_OBJC_LITERAL_CONVERSION = YES;
				CLANG_WARN_OBJC_ROOT_CLASS = YES_ERROR;
				CLANG_WARN_RANGE_LOOP_ANALYSIS = YES;
				CLANG_WARN_STRICT_PROTOTYPES = YES;
				CLANG_WARN_SUSPICIOUS_MOVE = YES;
				CLANG_WARN_UNGUARDED_AVAILABILITY = YES_AGGRESSIVE;
				CLANG_WARN_UNREACHABLE_CODE = YES;
				CLANG_WARN__DUPLICATE_METHOD_MATCH = YES;
				CODE_SIGN_IDENTITY = "iPhone Developer";
				COPY_PHASE_STRIP = NO;
				DEBUG_INFORMATION_FORMAT = "dwarf-with-dsym";
				ENABLE_NS_ASSERTIONS = NO;
				ENABLE_STRICT_OBJC_MSGSEND = YES;
				GCC_C_LANGUAGE_STANDARD = gnu11;
				GCC_NO_COMMON_BLOCKS = YES;
				GCC_WARN_64_TO_32_BIT_CONVERSION = YES;
				GCC_WARN_ABOUT_RETURN_TYPE = YES_ERROR;
				GCC_WARN_UNDECLARED_SELECTOR = YES;
				GCC_WARN_UNINITIALIZED_AUTOS = YES_AGGRESSIVE;
				GCC_WARN_UNUSED_FUNCTION = YES;
				GCC_WARN_UNUSED_VARIABLE = YES;
				IPHONEOS_DEPLOYMENT_TARGET = 12.1;
				MTL_ENABLE_DEBUG_INFO = NO;
				MTL_FAST_MATH = YES;
				SDKROOT = iphoneos;
				SWIFT_COMPILATION_MODE = wholemodule;
				SWIFT_OPTIMIZATION_LEVEL = "-O";
				VALIDATE_PRODUCT = YES;
			};
			name = Release;
		};
		17AEDB1521B0DA7D003E98C3 /* Debug */ = {
			isa = XCBuildConfiguration;
			buildSettings = {
				ASSETCATALOG_COMPILER_APPICON_NAME = AppIcon;
				CODE_SIGN_STYLE = Automatic;
				DEVELOPMENT_TEAM = QXZ46CMAYG;
				INFOPLIST_FILE = MuRice/Info.plist;
				LD_RUNPATH_SEARCH_PATHS = (
					"$(inherited)",
					"@executable_path/Frameworks",
				);
				PRODUCT_BUNDLE_IDENTIFIER = jp.co.yumemi.nkomiya.MuRice;
				PRODUCT_NAME = "$(TARGET_NAME)";
				SWIFT_VERSION = 4.2;
				TARGETED_DEVICE_FAMILY = "1,2";
			};
			name = Debug;
		};
		17AEDB1621B0DA7D003E98C3 /* Release */ = {
			isa = XCBuildConfiguration;
			buildSettings = {
				ASSETCATALOG_COMPILER_APPICON_NAME = AppIcon;
				CODE_SIGN_STYLE = Automatic;
				DEVELOPMENT_TEAM = QXZ46CMAYG;
				INFOPLIST_FILE = MuRice/Info.plist;
				LD_RUNPATH_SEARCH_PATHS = (
					"$(inherited)",
					"@executable_path/Frameworks",
				);
				PRODUCT_BUNDLE_IDENTIFIER = jp.co.yumemi.nkomiya.MuRice;
				PRODUCT_NAME = "$(TARGET_NAME)";
				SWIFT_VERSION = 4.2;
				TARGETED_DEVICE_FAMILY = "1,2";
			};
			name = Release;
		};
		17AEDB1821B0DA7D003E98C3 /* Debug */ = {
			isa = XCBuildConfiguration;
			buildSettings = {
				ALWAYS_EMBED_SWIFT_STANDARD_LIBRARIES = YES;
				BUNDLE_LOADER = "$(TEST_HOST)";
				CODE_SIGN_STYLE = Automatic;
				DEVELOPMENT_TEAM = QXZ46CMAYG;
				INFOPLIST_FILE = MuRiceTests/Info.plist;
				LD_RUNPATH_SEARCH_PATHS = (
					"$(inherited)",
					"@executable_path/Frameworks",
					"@loader_path/Frameworks",
				);
				PRODUCT_BUNDLE_IDENTIFIER = jp.co.yumemi.nkomiya.MuRiceTests;
				PRODUCT_NAME = "$(TARGET_NAME)";
				SWIFT_VERSION = 4.2;
				TARGETED_DEVICE_FAMILY = "1,2";
				TEST_HOST = "$(BUILT_PRODUCTS_DIR)/MuRice.app/MuRice";
			};
			name = Debug;
		};
		17AEDB1921B0DA7D003E98C3 /* Release */ = {
			isa = XCBuildConfiguration;
			buildSettings = {
				ALWAYS_EMBED_SWIFT_STANDARD_LIBRARIES = YES;
				BUNDLE_LOADER = "$(TEST_HOST)";
				CODE_SIGN_STYLE = Automatic;
				DEVELOPMENT_TEAM = QXZ46CMAYG;
				INFOPLIST_FILE = MuRiceTests/Info.plist;
				LD_RUNPATH_SEARCH_PATHS = (
					"$(inherited)",
					"@executable_path/Frameworks",
					"@loader_path/Frameworks",
				);
				PRODUCT_BUNDLE_IDENTIFIER = jp.co.yumemi.nkomiya.MuRiceTests;
				PRODUCT_NAME = "$(TARGET_NAME)";
				SWIFT_VERSION = 4.2;
				TARGETED_DEVICE_FAMILY = "1,2";
				TEST_HOST = "$(BUILT_PRODUCTS_DIR)/MuRice.app/MuRice";
			};
			name = Release;
		};
/* End XCBuildConfiguration section */

/* Begin XCConfigurationList section */
		17AEDAF221B0DA7B003E98C3 /* Build configuration list for PBXProject "MuRice" */ = {
			isa = XCConfigurationList;
			buildConfigurations = (
				17AEDB1221B0DA7D003E98C3 /* Debug */,
				17AEDB1321B0DA7D003E98C3 /* Release */,
			);
			defaultConfigurationIsVisible = 0;
			defaultConfigurationName = Release;
		};
		17AEDB1421B0DA7D003E98C3 /* Build configuration list for PBXNativeTarget "MuRice" */ = {
			isa = XCConfigurationList;
			buildConfigurations = (
				17AEDB1521B0DA7D003E98C3 /* Debug */,
				17AEDB1621B0DA7D003E98C3 /* Release */,
			);
			defaultConfigurationIsVisible = 0;
			defaultConfigurationName = Release;
		};
		17AEDB1721B0DA7D003E98C3 /* Build configuration list for PBXNativeTarget "MuRiceTests" */ = {
			isa = XCConfigurationList;
			buildConfigurations = (
				17AEDB1821B0DA7D003E98C3 /* Debug */,
				17AEDB1921B0DA7D003E98C3 /* Release */,
			);
			defaultConfigurationIsVisible = 0;
			defaultConfigurationName = Release;
		};
/* End XCConfigurationList section */
	};
	rootObject = 17AEDAEF21B0DA7B003E98C3 /* Project object */;
}
